
Microsoft Visual Studio Solution File, Format Version 12.00
# Visual Studio Version 17
VisualStudioVersion = 17.0.31903.59
MinimumVisualStudioVersion = 10.0.40219.1
Project("{2150E333-8FDC-42A3-9474-1A3956D46DE8}") = "tests", "tests", "{0AB3BF05-4346-4AA6-1389-037BE0695223}"
EndProject
Project("{2150E333-8FDC-42A3-9474-1A3956D46DE8}") = "Host", "Host", "{2D90B387-9E96-A33A-A182-52F1887BC10C}"
EndProject
Project("{FAE04EC0-301F-11D3-BF4B-00C04F79EFBC}") = "SocioTorcedor.Api.Tests", "tests\Host\SocioTorcedor.Api.Tests\SocioTorcedor.Api.Tests.csproj", "{D4A8764F-D485-43E0-A1AC-D92D6D6149DF}"
EndProject
Project("{2150E333-8FDC-42A3-9474-1A3956D46DE8}") = "src", "src", "{827E0CD3-B72D-47B6-A68D-7590B98EB39B}"
EndProject
Project("{2150E333-8FDC-42A3-9474-1A3956D46DE8}") = "Host", "Host", "{981C2CF6-E5BB-602A-511C-234B538302B0}"
EndProject
Project("{FAE04EC0-301F-11D3-BF4B-00C04F79EFBC}") = "SocioTorcedor.Api", "src\Host\SocioTorcedor.Api\SocioTorcedor.Api.csproj", "{4ADE2A5D-0B9A-46FB-963F-4EE342048929}"
EndProject
Project("{2150E333-8FDC-42A3-9474-1A3956D46DE8}") = "BuildingBlocks", "BuildingBlocks", "{90298CBA-BD6F-3A0A-69D5-97CAD7B05E7E}"
EndProject
Project("{FAE04EC0-301F-11D3-BF4B-00C04F79EFBC}") = "SocioTorcedor.BuildingBlocks.Application", "src\BuildingBlocks\SocioTorcedor.BuildingBlocks.Application\SocioTorcedor.BuildingBlocks.Application.csproj", "{8F0A8923-4D85-485E-ADFC-4587B81AE1A1}"
EndProject
Project("{FAE04EC0-301F-11D3-BF4B-00C04F79EFBC}") = "SocioTorcedor.BuildingBlocks.Shared", "src\BuildingBlocks\SocioTorcedor.BuildingBlocks.Shared\SocioTorcedor.BuildingBlocks.Shared.csproj", "{D638616D-5246-4797-9CD2-76A5AC2AA8FB}"
EndProject
Project("{2150E333-8FDC-42A3-9474-1A3956D46DE8}") = "Modules", "Modules", "{EC447DCF-ABFA-6E24-52A5-D7FD48A5C558}"
EndProject
Project("{2150E333-8FDC-42A3-9474-1A3956D46DE8}") = "Identity", "Identity", "{0EC62A1A-9858-3A60-8A0C-FC9AACFA2EC7}"
EndProject
Project("{FAE04EC0-301F-11D3-BF4B-00C04F79EFBC}") = "SocioTorcedor.Modules.Identity.Api", "src\Modules\Identity\SocioTorcedor.Modules.Identity.Api\SocioTorcedor.Modules.Identity.Api.csproj", "{E2E84002-8118-4190-8E3F-15CA7EF2685A}"
EndProject
Project("{FAE04EC0-301F-11D3-BF4B-00C04F79EFBC}") = "SocioTorcedor.Modules.Identity.Infrastructure", "src\Modules\Identity\SocioTorcedor.Modules.Identity.Infrastructure\SocioTorcedor.Modules.Identity.Infrastructure.csproj", "{D8117870-8B01-49DC-B38C-EC33E57264F7}"
EndProject
Project("{FAE04EC0-301F-11D3-BF4B-00C04F79EFBC}") = "SocioTorcedor.Modules.Identity.Application", "src\Modules\Identity\SocioTorcedor.Modules.Identity.Application\SocioTorcedor.Modules.Identity.Application.csproj", "{1FC199F8-8F2A-4279-94E5-9E473823EED1}"
EndProject
Project("{FAE04EC0-301F-11D3-BF4B-00C04F79EFBC}") = "SocioTorcedor.Modules.Identity.Domain", "src\Modules\Identity\SocioTorcedor.Modules.Identity.Domain\SocioTorcedor.Modules.Identity.Domain.csproj", "{20FF36F1-B106-429C-B67B-6D5E82246AF0}"
EndProject
Project("{FAE04EC0-301F-11D3-BF4B-00C04F79EFBC}") = "SocioTorcedor.BuildingBlocks.Domain", "src\BuildingBlocks\SocioTorcedor.BuildingBlocks.Domain\SocioTorcedor.BuildingBlocks.Domain.csproj", "{54A3B9D8-B063-408B-97E4-374116B99DD9}"
EndProject
Project("{FAE04EC0-301F-11D3-BF4B-00C04F79EFBC}") = "SocioTorcedor.BuildingBlocks.Infrastructure", "src\BuildingBlocks\SocioTorcedor.BuildingBlocks.Infrastructure\SocioTorcedor.BuildingBlocks.Infrastructure.csproj", "{2805461F-9AB8-494E-A416-A084AF67BF8F}"
EndProject
Project("{2150E333-8FDC-42A3-9474-1A3956D46DE8}") = "Tenancy", "Tenancy", "{4229EDB8-0862-B55E-9945-90D59FE8EB87}"
EndProject
Project("{FAE04EC0-301F-11D3-BF4B-00C04F79EFBC}") = "SocioTorcedor.Modules.Tenancy.Api", "src\Modules\Tenancy\SocioTorcedor.Modules.Tenancy.Api\SocioTorcedor.Modules.Tenancy.Api.csproj", "{B0074490-203A-4E54-BF99-35B3A2ED6BAD}"
EndProject
Project("{FAE04EC0-301F-11D3-BF4B-00C04F79EFBC}") = "SocioTorcedor.Modules.Tenancy.Infrastructure", "src\Modules\Tenancy\SocioTorcedor.Modules.Tenancy.Infrastructure\SocioTorcedor.Modules.Tenancy.Infrastructure.csproj", "{F6307A99-97E8-4695-93F0-E64B0134522E}"
EndProject
Project("{FAE04EC0-301F-11D3-BF4B-00C04F79EFBC}") = "SocioTorcedor.Modules.Tenancy.Application", "src\Modules\Tenancy\SocioTorcedor.Modules.Tenancy.Application\SocioTorcedor.Modules.Tenancy.Application.csproj", "{422DEB15-5131-4EF7-A06B-3ED2A78C82E9}"
EndProject
Project("{FAE04EC0-301F-11D3-BF4B-00C04F79EFBC}") = "SocioTorcedor.Modules.Tenancy.Domain", "src\Modules\Tenancy\SocioTorcedor.Modules.Tenancy.Domain\SocioTorcedor.Modules.Tenancy.Domain.csproj", "{C7BCC37F-0304-4847-830E-6A0647099BD9}"
EndProject
Project("{2150E333-8FDC-42A3-9474-1A3956D46DE8}") = "BuildingBlocks", "BuildingBlocks", "{AD3136F1-6676-2AF3-8A96-F3C6585F1CB9}"
EndProject
Project("{FAE04EC0-301F-11D3-BF4B-00C04F79EFBC}") = "SocioTorcedor.BuildingBlocks.Domain.Tests", "tests\BuildingBlocks\SocioTorcedor.BuildingBlocks.Domain.Tests\SocioTorcedor.BuildingBlocks.Domain.Tests.csproj", "{D1ECD4FA-BE8A-4B34-800B-1BCEC34CF978}"
EndProject
Project("{FAE04EC0-301F-11D3-BF4B-00C04F79EFBC}") = "SocioTorcedor.BuildingBlocks.Application.Tests", "tests\BuildingBlocks\SocioTorcedor.BuildingBlocks.Application.Tests\SocioTorcedor.BuildingBlocks.Application.Tests.csproj", "{4DBCFC07-466C-41E5-A2DA-46521A8BF3A1}"
EndProject
Project("{2150E333-8FDC-42A3-9474-1A3956D46DE8}") = "Modules", "Modules", "{D7DC9B74-6BC4-2470-2038-1E57C2DCB73B}"
EndProject
Project("{2150E333-8FDC-42A3-9474-1A3956D46DE8}") = "Identity", "Identity", "{ACB2D19B-6984-27D8-539C-F209B7C78BA5}"
EndProject
Project("{FAE04EC0-301F-11D3-BF4B-00C04F79EFBC}") = "SocioTorcedor.Modules.Identity.Infrastructure.Tests", "tests\Modules\Identity\SocioTorcedor.Modules.Identity.Infrastructure.Tests\SocioTorcedor.Modules.Identity.Infrastructure.Tests.csproj", "{719CA50F-784C-45E4-8CC1-40E31090622D}"
EndProject
Project("{FAE04EC0-301F-11D3-BF4B-00C04F79EFBC}") = "SocioTorcedor.Modules.Identity.Application.Tests", "tests\Modules\Identity\SocioTorcedor.Modules.Identity.Application.Tests\SocioTorcedor.Modules.Identity.Application.Tests.csproj", "{6A9ED431-8AF0-478D-87A1-E5F243C88783}"
EndProject
Project("{FAE04EC0-301F-11D3-BF4B-00C04F79EFBC}") = "SocioTorcedor.Modules.Identity.Domain.Tests", "tests\Modules\Identity\SocioTorcedor.Modules.Identity.Domain.Tests\SocioTorcedor.Modules.Identity.Domain.Tests.csproj", "{60265614-0303-49E6-94FC-DE3D71CAA568}"
EndProject
Project("{2150E333-8FDC-42A3-9474-1A3956D46DE8}") = "Tenancy", "Tenancy", "{95D1EC0A-9379-FBB2-478D-A0E18E5B72B5}"
EndProject
Project("{FAE04EC0-301F-11D3-BF4B-00C04F79EFBC}") = "SocioTorcedor.Modules.Tenancy.Domain.Tests", "tests\Modules\Tenancy\SocioTorcedor.Modules.Tenancy.Domain.Tests\SocioTorcedor.Modules.Tenancy.Domain.Tests.csproj", "{DDCB9500-077F-412B-B97D-5436C2BA43E1}"
EndProject
Project("{FAE04EC0-301F-11D3-BF4B-00C04F79EFBC}") = "SocioTorcedor.Modules.Tenancy.Application.Tests", "tests\Modules\Tenancy\SocioTorcedor.Modules.Tenancy.Application.Tests\SocioTorcedor.Modules.Tenancy.Application.Tests.csproj", "{16A037AC-25C1-4F7E-A5E4-9AE9AE5BD820}"
EndProject
Project("{FAE04EC0-301F-11D3-BF4B-00C04F79EFBC}") = "SocioTorcedor.Modules.Tenancy.Infrastructure.Tests", "tests\Modules\Tenancy\SocioTorcedor.Modules.Tenancy.Infrastructure.Tests\SocioTorcedor.Modules.Tenancy.Infrastructure.Tests.csproj", "{038E05CC-5709-4173-B02A-42503D147280}"
EndProject
Project("{2150E333-8FDC-42A3-9474-1A3956D46DE8}") = "Backoffice", "Backoffice", "{321A50B4-1A1E-6CCB-F445-27BC0B5104E9}"
EndProject
Project("{FAE04EC0-301F-11D3-BF4B-00C04F79EFBC}") = "SocioTorcedor.Modules.Backoffice.Domain", "src\Modules\Backoffice\SocioTorcedor.Modules.Backoffice.Domain\SocioTorcedor.Modules.Backoffice.Domain.csproj", "{E12C58C8-C746-4555-A1A1-513A1DE6A6B8}"
EndProject
Project("{FAE04EC0-301F-11D3-BF4B-00C04F79EFBC}") = "SocioTorcedor.Modules.Backoffice.Application", "src\Modules\Backoffice\SocioTorcedor.Modules.Backoffice.Application\SocioTorcedor.Modules.Backoffice.Application.csproj", "{56F8B9B0-44D0-4BDD-91FB-D572F0A3C439}"
EndProject
Project("{FAE04EC0-301F-11D3-BF4B-00C04F79EFBC}") = "SocioTorcedor.Modules.Backoffice.Infrastructure", "src\Modules\Backoffice\SocioTorcedor.Modules.Backoffice.Infrastructure\SocioTorcedor.Modules.Backoffice.Infrastructure.csproj", "{1DA4F5ED-356A-42F9-BE14-D6E702E0D29C}"
EndProject
Project("{FAE04EC0-301F-11D3-BF4B-00C04F79EFBC}") = "SocioTorcedor.Modules.Backoffice.Api", "src\Modules\Backoffice\SocioTorcedor.Modules.Backoffice.Api\SocioTorcedor.Modules.Backoffice.Api.csproj", "{9DA08D94-E8C1-42D6-8EEB-D2044B0DF792}"
EndProject
Project("{2150E333-8FDC-42A3-9474-1A3956D46DE8}") = "Backoffice", "Backoffice", "{56FC1942-8578-5470-A6DD-45F86D55706C}"
EndProject
Project("{FAE04EC0-301F-11D3-BF4B-00C04F79EFBC}") = "SocioTorcedor.Modules.Backoffice.Domain.Tests", "tests\Modules\Backoffice\SocioTorcedor.Modules.Backoffice.Domain.Tests\SocioTorcedor.Modules.Backoffice.Domain.Tests.csproj", "{FB313847-9F38-434F-A30C-286F65F9317D}"
EndProject
Project("{FAE04EC0-301F-11D3-BF4B-00C04F79EFBC}") = "SocioTorcedor.Modules.Backoffice.Application.Tests", "tests\Modules\Backoffice\SocioTorcedor.Modules.Backoffice.Application.Tests\SocioTorcedor.Modules.Backoffice.Application.Tests.csproj", "{50FD87FC-4C5A-4CF1-B490-1C7702D7AB75}"
EndProject
Project("{2150E333-8FDC-42A3-9474-1A3956D46DE8}") = "Membership", "Membership", "{1262427E-9FB2-B5BE-0BB9-7DDF0980299C}"
EndProject
Project("{FAE04EC0-301F-11D3-BF4B-00C04F79EFBC}") = "SocioTorcedor.Modules.Membership.Domain", "src\Modules\Membership\SocioTorcedor.Modules.Membership.Domain\SocioTorcedor.Modules.Membership.Domain.csproj", "{5B8BC16C-046F-4087-AC4A-67BD81D18F59}"
EndProject
Project("{FAE04EC0-301F-11D3-BF4B-00C04F79EFBC}") = "SocioTorcedor.Modules.Membership.Application", "src\Modules\Membership\SocioTorcedor.Modules.Membership.Application\SocioTorcedor.Modules.Membership.Application.csproj", "{54373E19-EB72-45FA-9857-97635B6CCA18}"
EndProject
Project("{FAE04EC0-301F-11D3-BF4B-00C04F79EFBC}") = "SocioTorcedor.Modules.Membership.Infrastructure", "src\Modules\Membership\SocioTorcedor.Modules.Membership.Infrastructure\SocioTorcedor.Modules.Membership.Infrastructure.csproj", "{8951FA17-BDFD-41D1-A5CA-EC1C03380C63}"
EndProject
Project("{FAE04EC0-301F-11D3-BF4B-00C04F79EFBC}") = "SocioTorcedor.Modules.Membership.Api", "src\Modules\Membership\SocioTorcedor.Modules.Membership.Api\SocioTorcedor.Modules.Membership.Api.csproj", "{0756A97F-FF04-48C7-8E66-82072F3A0978}"
EndProject
Project("{2150E333-8FDC-42A3-9474-1A3956D46DE8}") = "Membership", "Membership", "{F7E643D9-F793-9243-8358-F53C24C2867F}"
EndProject
Project("{FAE04EC0-301F-11D3-BF4B-00C04F79EFBC}") = "SocioTorcedor.Modules.Membership.Domain.Tests", "tests\Modules\Membership\SocioTorcedor.Modules.Membership.Domain.Tests\SocioTorcedor.Modules.Membership.Domain.Tests.csproj", "{FC79ADA4-49E7-418F-9E30-3C05761C9FFF}"
EndProject
Project("{FAE04EC0-301F-11D3-BF4B-00C04F79EFBC}") = "SocioTorcedor.Modules.Membership.Application.Tests", "tests\Modules\Membership\SocioTorcedor.Modules.Membership.Application.Tests\SocioTorcedor.Modules.Membership.Application.Tests.csproj", "{E6EDAAA0-D36A-4219-BA2E-BC3A897B957C}"
EndProject
Project("{2150E333-8FDC-42A3-9474-1A3956D46DE8}") = "Payments", "Payments", "{3482A603-7AEB-377F-9DA5-9757A465DBE8}"
EndProject
Project("{FAE04EC0-301F-11D3-BF4B-00C04F79EFBC}") = "SocioTorcedor.Modules.Payments.Domain", "src\Modules\Payments\SocioTorcedor.Modules.Payments.Domain\SocioTorcedor.Modules.Payments.Domain.csproj", "{91E78A7C-F97F-41C5-BB4D-39347F497388}"
EndProject
Project("{FAE04EC0-301F-11D3-BF4B-00C04F79EFBC}") = "SocioTorcedor.Modules.Payments.Application", "src\Modules\Payments\SocioTorcedor.Modules.Payments.Application\SocioTorcedor.Modules.Payments.Application.csproj", "{5F86659C-CE87-43B3-842F-F2B42C921195}"
EndProject
Project("{FAE04EC0-301F-11D3-BF4B-00C04F79EFBC}") = "SocioTorcedor.Modules.Payments.Infrastructure", "src\Modules\Payments\SocioTorcedor.Modules.Payments.Infrastructure\SocioTorcedor.Modules.Payments.Infrastructure.csproj", "{616AFDF3-C8F1-4269-B0B3-510A5BB5893A}"
EndProject
Project("{FAE04EC0-301F-11D3-BF4B-00C04F79EFBC}") = "SocioTorcedor.Modules.Payments.Api", "src\Modules\Payments\SocioTorcedor.Modules.Payments.Api\SocioTorcedor.Modules.Payments.Api.csproj", "{58380F3E-8961-4AB2-9039-A46468532187}"
EndProject
Global
	GlobalSection(SolutionConfigurationPlatforms) = preSolution
		Debug|Any CPU = Debug|Any CPU
		Debug|x64 = Debug|x64
		Debug|x86 = Debug|x86
		Release|Any CPU = Release|Any CPU
		Release|x64 = Release|x64
		Release|x86 = Release|x86
	EndGlobalSection
	GlobalSection(ProjectConfigurationPlatforms) = postSolution
		{D4A8764F-D485-43E0-A1AC-D92D6D6149DF}.Debug|Any CPU.ActiveCfg = Debug|Any CPU
		{D4A8764F-D485-43E0-A1AC-D92D6D6149DF}.Debug|Any CPU.Build.0 = Debug|Any CPU
		{D4A8764F-D485-43E0-A1AC-D92D6D6149DF}.Debug|x64.ActiveCfg = Debug|Any CPU
		{D4A8764F-D485-43E0-A1AC-D92D6D6149DF}.Debug|x64.Build.0 = Debug|Any CPU
		{D4A8764F-D485-43E0-A1AC-D92D6D6149DF}.Debug|x86.ActiveCfg = Debug|Any CPU
		{D4A8764F-D485-43E0-A1AC-D92D6D6149DF}.Debug|x86.Build.0 = Debug|Any CPU
		{D4A8764F-D485-43E0-A1AC-D92D6D6149DF}.Release|Any CPU.ActiveCfg = Release|Any CPU
		{D4A8764F-D485-43E0-A1AC-D92D6D6149DF}.Release|Any CPU.Build.0 = Release|Any CPU
		{D4A8764F-D485-43E0-A1AC-D92D6D6149DF}.Release|x64.ActiveCfg = Release|Any CPU
		{D4A8764F-D485-43E0-A1AC-D92D6D6149DF}.Release|x64.Build.0 = Release|Any CPU
		{D4A8764F-D485-43E0-A1AC-D92D6D6149DF}.Release|x86.ActiveCfg = Release|Any CPU
		{D4A8764F-D485-43E0-A1AC-D92D6D6149DF}.Release|x86.Build.0 = Release|Any CPU
		{4ADE2A5D-0B9A-46FB-963F-4EE342048929}.Debug|Any CPU.ActiveCfg = Debug|Any CPU
		{4ADE2A5D-0B9A-46FB-963F-4EE342048929}.Debug|Any CPU.Build.0 = Debug|Any CPU
		{4ADE2A5D-0B9A-46FB-963F-4EE342048929}.Debug|x64.ActiveCfg = Debug|Any CPU
		{4ADE2A5D-0B9A-46FB-963F-4EE342048929}.Debug|x64.Build.0 = Debug|Any CPU
		{4ADE2A5D-0B9A-46FB-963F-4EE342048929}.Debug|x86.ActiveCfg = Debug|Any CPU
		{4ADE2A5D-0B9A-46FB-963F-4EE342048929}.Debug|x86.Build.0 = Debug|Any CPU
		{4ADE2A5D-0B9A-46FB-963F-4EE342048929}.Release|Any CPU.ActiveCfg = Release|Any CPU
		{4ADE2A5D-0B9A-46FB-963F-4EE342048929}.Release|Any CPU.Build.0 = Release|Any CPU
		{4ADE2A5D-0B9A-46FB-963F-4EE342048929}.Release|x64.ActiveCfg = Release|Any CPU
		{4ADE2A5D-0B9A-46FB-963F-4EE342048929}.Release|x64.Build.0 = Release|Any CPU
		{4ADE2A5D-0B9A-46FB-963F-4EE342048929}.Release|x86.ActiveCfg = Release|Any CPU
		{4ADE2A5D-0B9A-46FB-963F-4EE342048929}.Release|x86.Build.0 = Release|Any CPU
		{8F0A8923-4D85-485E-ADFC-4587B81AE1A1}.Debug|Any CPU.ActiveCfg = Debug|Any CPU
		{8F0A8923-4D85-485E-ADFC-4587B81AE1A1}.Debug|Any CPU.Build.0 = Debug|Any CPU
		{8F0A8923-4D85-485E-ADFC-4587B81AE1A1}.Debug|x64.ActiveCfg = Debug|Any CPU
		{8F0A8923-4D85-485E-ADFC-4587B81AE1A1}.Debug|x64.Build.0 = Debug|Any CPU
		{8F0A8923-4D85-485E-ADFC-4587B81AE1A1}.Debug|x86.ActiveCfg = Debug|Any CPU
		{8F0A8923-4D85-485E-ADFC-4587B81AE1A1}.Debug|x86.Build.0 = Debug|Any CPU
		{8F0A8923-4D85-485E-ADFC-4587B81AE1A1}.Release|Any CPU.ActiveCfg = Release|Any CPU
		{8F0A8923-4D85-485E-ADFC-4587B81AE1A1}.Release|Any CPU.Build.0 = Release|Any CPU
		{8F0A8923-4D85-485E-ADFC-4587B81AE1A1}.Release|x64.ActiveCfg = Release|Any CPU
		{8F0A8923-4D85-485E-ADFC-4587B81AE1A1}.Release|x64.Build.0 = Release|Any CPU
		{8F0A8923-4D85-485E-ADFC-4587B81AE1A1}.Release|x86.ActiveCfg = Release|Any CPU
		{8F0A8923-4D85-485E-ADFC-4587B81AE1A1}.Release|x86.Build.0 = Release|Any CPU
		{D638616D-5246-4797-9CD2-76A5AC2AA8FB}.Debug|Any CPU.ActiveCfg = Debug|Any CPU
		{D638616D-5246-4797-9CD2-76A5AC2AA8FB}.Debug|Any CPU.Build.0 = Debug|Any CPU
		{D638616D-5246-4797-9CD2-76A5AC2AA8FB}.Debug|x64.ActiveCfg = Debug|Any CPU
		{D638616D-5246-4797-9CD2-76A5AC2AA8FB}.Debug|x64.Build.0 = Debug|Any CPU
		{D638616D-5246-4797-9CD2-76A5AC2AA8FB}.Debug|x86.ActiveCfg = Debug|Any CPU
		{D638616D-5246-4797-9CD2-76A5AC2AA8FB}.Debug|x86.Build.0 = Debug|Any CPU
		{D638616D-5246-4797-9CD2-76A5AC2AA8FB}.Release|Any CPU.ActiveCfg = Release|Any CPU
		{D638616D-5246-4797-9CD2-76A5AC2AA8FB}.Release|Any CPU.Build.0 = Release|Any CPU
		{D638616D-5246-4797-9CD2-76A5AC2AA8FB}.Release|x64.ActiveCfg = Release|Any CPU
		{D638616D-5246-4797-9CD2-76A5AC2AA8FB}.Release|x64.Build.0 = Release|Any CPU
		{D638616D-5246-4797-9CD2-76A5AC2AA8FB}.Release|x86.ActiveCfg = Release|Any CPU
		{D638616D-5246-4797-9CD2-76A5AC2AA8FB}.Release|x86.Build.0 = Release|Any CPU
		{E2E84002-8118-4190-8E3F-15CA7EF2685A}.Debug|Any CPU.ActiveCfg = Debug|Any CPU
		{E2E84002-8118-4190-8E3F-15CA7EF2685A}.Debug|Any CPU.Build.0 = Debug|Any CPU
		{E2E84002-8118-4190-8E3F-15CA7EF2685A}.Debug|x64.ActiveCfg = Debug|Any CPU
		{E2E84002-8118-4190-8E3F-15CA7EF2685A}.Debug|x64.Build.0 = Debug|Any CPU
		{E2E84002-8118-4190-8E3F-15CA7EF2685A}.Debug|x86.ActiveCfg = Debug|Any CPU
		{E2E84002-8118-4190-8E3F-15CA7EF2685A}.Debug|x86.Build.0 = Debug|Any CPU
		{E2E84002-8118-4190-8E3F-15CA7EF2685A}.Release|Any CPU.ActiveCfg = Release|Any CPU
		{E2E84002-8118-4190-8E3F-15CA7EF2685A}.Release|Any CPU.Build.0 = Release|Any CPU
		{E2E84002-8118-4190-8E3F-15CA7EF2685A}.Release|x64.ActiveCfg = Release|Any CPU
		{E2E84002-8118-4190-8E3F-15CA7EF2685A}.Release|x64.Build.0 = Release|Any CPU
		{E2E84002-8118-4190-8E3F-15CA7EF2685A}.Release|x86.ActiveCfg = Release|Any CPU
		{E2E84002-8118-4190-8E3F-15CA7EF2685A}.Release|x86.Build.0 = Release|Any CPU
		{D8117870-8B01-49DC-B38C-EC33E57264F7}.Debug|Any CPU.ActiveCfg = Debug|Any CPU
		{D8117870-8B01-49DC-B38C-EC33E57264F7}.Debug|Any CPU.Build.0 = Debug|Any CPU
		{D8117870-8B01-49DC-B38C-EC33E57264F7}.Debug|x64.ActiveCfg = Debug|Any CPU
		{D8117870-8B01-49DC-B38C-EC33E57264F7}.Debug|x64.Build.0 = Debug|Any CPU
		{D8117870-8B01-49DC-B38C-EC33E57264F7}.Debug|x86.ActiveCfg = Debug|Any CPU
		{D8117870-8B01-49DC-B38C-EC33E57264F7}.Debug|x86.Build.0 = Debug|Any CPU
		{D8117870-8B01-49DC-B38C-EC33E57264F7}.Release|Any CPU.ActiveCfg = Release|Any CPU
		{D8117870-8B01-49DC-B38C-EC33E57264F7}.Release|Any CPU.Build.0 = Release|Any CPU
		{D8117870-8B01-49DC-B38C-EC33E57264F7}.Release|x64.ActiveCfg = Release|Any CPU
		{D8117870-8B01-49DC-B38C-EC33E57264F7}.Release|x64.Build.0 = Release|Any CPU
		{D8117870-8B01-49DC-B38C-EC33E57264F7}.Release|x86.ActiveCfg = Release|Any CPU
		{D8117870-8B01-49DC-B38C-EC33E57264F7}.Release|x86.Build.0 = Release|Any CPU
		{1FC199F8-8F2A-4279-94E5-9E473823EED1}.Debug|Any CPU.ActiveCfg = Debug|Any CPU
		{1FC199F8-8F2A-4279-94E5-9E473823EED1}.Debug|Any CPU.Build.0 = Debug|Any CPU
		{1FC199F8-8F2A-4279-94E5-9E473823EED1}.Debug|x64.ActiveCfg = Debug|Any CPU
		{1FC199F8-8F2A-4279-94E5-9E473823EED1}.Debug|x64.Build.0 = Debug|Any CPU
		{1FC199F8-8F2A-4279-94E5-9E473823EED1}.Debug|x86.ActiveCfg = Debug|Any CPU
		{1FC199F8-8F2A-4279-94E5-9E473823EED1}.Debug|x86.Build.0 = Debug|Any CPU
		{1FC199F8-8F2A-4279-94E5-9E473823EED1}.Release|Any CPU.ActiveCfg = Release|Any CPU
		{1FC199F8-8F2A-4279-94E5-9E473823EED1}.Release|Any CPU.Build.0 = Release|Any CPU
		{1FC199F8-8F2A-4279-94E5-9E473823EED1}.Release|x64.ActiveCfg = Release|Any CPU
		{1FC199F8-8F2A-4279-94E5-9E473823EED1}.Release|x64.Build.0 = Release|Any CPU
		{1FC199F8-8F2A-4279-94E5-9E473823EED1}.Release|x86.ActiveCfg = Release|Any CPU
		{1FC199F8-8F2A-4279-94E5-9E473823EED1}.Release|x86.Build.0 = Release|Any CPU
		{20FF36F1-B106-429C-B67B-6D5E82246AF0}.Debug|Any CPU.ActiveCfg = Debug|Any CPU
		{20FF36F1-B106-429C-B67B-6D5E82246AF0}.Debug|Any CPU.Build.0 = Debug|Any CPU
		{20FF36F1-B106-429C-B67B-6D5E82246AF0}.Debug|x64.ActiveCfg = Debug|Any CPU
		{20FF36F1-B106-429C-B67B-6D5E82246AF0}.Debug|x64.Build.0 = Debug|Any CPU
		{20FF36F1-B106-429C-B67B-6D5E82246AF0}.Debug|x86.ActiveCfg = Debug|Any CPU
		{20FF36F1-B106-429C-B67B-6D5E82246AF0}.Debug|x86.Build.0 = Debug|Any CPU
		{20FF36F1-B106-429C-B67B-6D5E82246AF0}.Release|Any CPU.ActiveCfg = Release|Any CPU
		{20FF36F1-B106-429C-B67B-6D5E82246AF0}.Release|Any CPU.Build.0 = Release|Any CPU
		{20FF36F1-B106-429C-B67B-6D5E82246AF0}.Release|x64.ActiveCfg = Release|Any CPU
		{20FF36F1-B106-429C-B67B-6D5E82246AF0}.Release|x64.Build.0 = Release|Any CPU
		{20FF36F1-B106-429C-B67B-6D5E82246AF0}.Release|x86.ActiveCfg = Release|Any CPU
		{20FF36F1-B106-429C-B67B-6D5E82246AF0}.Release|x86.Build.0 = Release|Any CPU
		{54A3B9D8-B063-408B-97E4-374116B99DD9}.Debug|Any CPU.ActiveCfg = Debug|Any CPU
		{54A3B9D8-B063-408B-97E4-374116B99DD9}.Debug|Any CPU.Build.0 = Debug|Any CPU
		{54A3B9D8-B063-408B-97E4-374116B99DD9}.Debug|x64.ActiveCfg = Debug|Any CPU
		{54A3B9D8-B063-408B-97E4-374116B99DD9}.Debug|x64.Build.0 = Debug|Any CPU
		{54A3B9D8-B063-408B-97E4-374116B99DD9}.Debug|x86.ActiveCfg = Debug|Any CPU
		{54A3B9D8-B063-408B-97E4-374116B99DD9}.Debug|x86.Build.0 = Debug|Any CPU
		{54A3B9D8-B063-408B-97E4-374116B99DD9}.Release|Any CPU.ActiveCfg = Release|Any CPU
		{54A3B9D8-B063-408B-97E4-374116B99DD9}.Release|Any CPU.Build.0 = Release|Any CPU
		{54A3B9D8-B063-408B-97E4-374116B99DD9}.Release|x64.ActiveCfg = Release|Any CPU
		{54A3B9D8-B063-408B-97E4-374116B99DD9}.Release|x64.Build.0 = Release|Any CPU
		{54A3B9D8-B063-408B-97E4-374116B99DD9}.Release|x86.ActiveCfg = Release|Any CPU
		{54A3B9D8-B063-408B-97E4-374116B99DD9}.Release|x86.Build.0 = Release|Any CPU
		{2805461F-9AB8-494E-A416-A084AF67BF8F}.Debug|Any CPU.ActiveCfg = Debug|Any CPU
		{2805461F-9AB8-494E-A416-A084AF67BF8F}.Debug|Any CPU.Build.0 = Debug|Any CPU
		{2805461F-9AB8-494E-A416-A084AF67BF8F}.Debug|x64.ActiveCfg = Debug|Any CPU
		{2805461F-9AB8-494E-A416-A084AF67BF8F}.Debug|x64.Build.0 = Debug|Any CPU
		{2805461F-9AB8-494E-A416-A084AF67BF8F}.Debug|x86.ActiveCfg = Debug|Any CPU
		{2805461F-9AB8-494E-A416-A084AF67BF8F}.Debug|x86.Build.0 = Debug|Any CPU
		{2805461F-9AB8-494E-A416-A084AF67BF8F}.Release|Any CPU.ActiveCfg = Release|Any CPU
		{2805461F-9AB8-494E-A416-A084AF67BF8F}.Release|Any CPU.Build.0 = Release|Any CPU
		{2805461F-9AB8-494E-A416-A084AF67BF8F}.Release|x64.ActiveCfg = Release|Any CPU
		{2805461F-9AB8-494E-A416-A084AF67BF8F}.Release|x64.Build.0 = Release|Any CPU
		{2805461F-9AB8-494E-A416-A084AF67BF8F}.Release|x86.ActiveCfg = Release|Any CPU
		{2805461F-9AB8-494E-A416-A084AF67BF8F}.Release|x86.Build.0 = Release|Any CPU
		{B0074490-203A-4E54-BF99-35B3A2ED6BAD}.Debug|Any CPU.ActiveCfg = Debug|Any CPU
		{B0074490-203A-4E54-BF99-35B3A2ED6BAD}.Debug|Any CPU.Build.0 = Debug|Any CPU
		{B0074490-203A-4E54-BF99-35B3A2ED6BAD}.Debug|x64.ActiveCfg = Debug|Any CPU
		{B0074490-203A-4E54-BF99-35B3A2ED6BAD}.Debug|x64.Build.0 = Debug|Any CPU
		{B0074490-203A-4E54-BF99-35B3A2ED6BAD}.Debug|x86.ActiveCfg = Debug|Any CPU
		{B0074490-203A-4E54-BF99-35B3A2ED6BAD}.Debug|x86.Build.0 = Debug|Any CPU
		{B0074490-203A-4E54-BF99-35B3A2ED6BAD}.Release|Any CPU.ActiveCfg = Release|Any CPU
		{B0074490-203A-4E54-BF99-35B3A2ED6BAD}.Release|Any CPU.Build.0 = Release|Any CPU
		{B0074490-203A-4E54-BF99-35B3A2ED6BAD}.Release|x64.ActiveCfg = Release|Any CPU
		{B0074490-203A-4E54-BF99-35B3A2ED6BAD}.Release|x64.Build.0 = Release|Any CPU
		{B0074490-203A-4E54-BF99-35B3A2ED6BAD}.Release|x86.ActiveCfg = Release|Any CPU
		{B0074490-203A-4E54-BF99-35B3A2ED6BAD}.Release|x86.Build.0 = Release|Any CPU
		{F6307A99-97E8-4695-93F0-E64B0134522E}.Debug|Any CPU.ActiveCfg = Debug|Any CPU
		{F6307A99-97E8-4695-93F0-E64B0134522E}.Debug|Any CPU.Build.0 = Debug|Any CPU
		{F6307A99-97E8-4695-93F0-E64B0134522E}.Debug|x64.ActiveCfg = Debug|Any CPU
		{F6307A99-97E8-4695-93F0-E64B0134522E}.Debug|x64.Build.0 = Debug|Any CPU
		{F6307A99-97E8-4695-93F0-E64B0134522E}.Debug|x86.ActiveCfg = Debug|Any CPU
		{F6307A99-97E8-4695-93F0-E64B0134522E}.Debug|x86.Build.0 = Debug|Any CPU
		{F6307A99-97E8-4695-93F0-E64B0134522E}.Release|Any CPU.ActiveCfg = Release|Any CPU
		{F6307A99-97E8-4695-93F0-E64B0134522E}.Release|Any CPU.Build.0 = Release|Any CPU
		{F6307A99-97E8-4695-93F0-E64B0134522E}.Release|x64.ActiveCfg = Release|Any CPU
		{F6307A99-97E8-4695-93F0-E64B0134522E}.Release|x64.Build.0 = Release|Any CPU
		{F6307A99-97E8-4695-93F0-E64B0134522E}.Release|x86.ActiveCfg = Release|Any CPU
		{F6307A99-97E8-4695-93F0-E64B0134522E}.Release|x86.Build.0 = Release|Any CPU
		{422DEB15-5131-4EF7-A06B-3ED2A78C82E9}.Debug|Any CPU.ActiveCfg = Debug|Any CPU
		{422DEB15-5131-4EF7-A06B-3ED2A78C82E9}.Debug|Any CPU.Build.0 = Debug|Any CPU
		{422DEB15-5131-4EF7-A06B-3ED2A78C82E9}.Debug|x64.ActiveCfg = Debug|Any CPU
		{422DEB15-5131-4EF7-A06B-3ED2A78C82E9}.Debug|x64.Build.0 = Debug|Any CPU
		{422DEB15-5131-4EF7-A06B-3ED2A78C82E9}.Debug|x86.ActiveCfg = Debug|Any CPU
		{422DEB15-5131-4EF7-A06B-3ED2A78C82E9}.Debug|x86.Build.0 = Debug|Any CPU
		{422DEB15-5131-4EF7-A06B-3ED2A78C82E9}.Release|Any CPU.ActiveCfg = Release|Any CPU
		{422DEB15-5131-4EF7-A06B-3ED2A78C82E9}.Release|Any CPU.Build.0 = Release|Any CPU
		{422DEB15-5131-4EF7-A06B-3ED2A78C82E9}.Release|x64.ActiveCfg = Release|Any CPU
		{422DEB15-5131-4EF7-A06B-3ED2A78C82E9}.Release|x64.Build.0 = Release|Any CPU
		{422DEB15-5131-4EF7-A06B-3ED2A78C82E9}.Release|x86.ActiveCfg = Release|Any CPU
		{422DEB15-5131-4EF7-A06B-3ED2A78C82E9}.Release|x86.Build.0 = Release|Any CPU
		{C7BCC37F-0304-4847-830E-6A0647099BD9}.Debug|Any CPU.ActiveCfg = Debug|Any CPU
		{C7BCC37F-0304-4847-830E-6A0647099BD9}.Debug|Any CPU.Build.0 = Debug|Any CPU
		{C7BCC37F-0304-4847-830E-6A0647099BD9}.Debug|x64.ActiveCfg = Debug|Any CPU
		{C7BCC37F-0304-4847-830E-6A0647099BD9}.Debug|x64.Build.0 = Debug|Any CPU
		{C7BCC37F-0304-4847-830E-6A0647099BD9}.Debug|x86.ActiveCfg = Debug|Any CPU
		{C7BCC37F-0304-4847-830E-6A0647099BD9}.Debug|x86.Build.0 = Debug|Any CPU
		{C7BCC37F-0304-4847-830E-6A0647099BD9}.Release|Any CPU.ActiveCfg = Release|Any CPU
		{C7BCC37F-0304-4847-830E-6A0647099BD9}.Release|Any CPU.Build.0 = Release|Any CPU
		{C7BCC37F-0304-4847-830E-6A0647099BD9}.Release|x64.ActiveCfg = Release|Any CPU
		{C7BCC37F-0304-4847-830E-6A0647099BD9}.Release|x64.Build.0 = Release|Any CPU
		{C7BCC37F-0304-4847-830E-6A0647099BD9}.Release|x86.ActiveCfg = Release|Any CPU
		{C7BCC37F-0304-4847-830E-6A0647099BD9}.Release|x86.Build.0 = Release|Any CPU
		{D1ECD4FA-BE8A-4B34-800B-1BCEC34CF978}.Debug|Any CPU.ActiveCfg = Debug|Any CPU
		{D1ECD4FA-BE8A-4B34-800B-1BCEC34CF978}.Debug|Any CPU.Build.0 = Debug|Any CPU
		{D1ECD4FA-BE8A-4B34-800B-1BCEC34CF978}.Debug|x64.ActiveCfg = Debug|Any CPU
		{D1ECD4FA-BE8A-4B34-800B-1BCEC34CF978}.Debug|x64.Build.0 = Debug|Any CPU
		{D1ECD4FA-BE8A-4B34-800B-1BCEC34CF978}.Debug|x86.ActiveCfg = Debug|Any CPU
		{D1ECD4FA-BE8A-4B34-800B-1BCEC34CF978}.Debug|x86.Build.0 = Debug|Any CPU
		{D1ECD4FA-BE8A-4B34-800B-1BCEC34CF978}.Release|Any CPU.ActiveCfg = Release|Any CPU
		{D1ECD4FA-BE8A-4B34-800B-1BCEC34CF978}.Release|Any CPU.Build.0 = Release|Any CPU
		{D1ECD4FA-BE8A-4B34-800B-1BCEC34CF978}.Release|x64.ActiveCfg = Release|Any CPU
		{D1ECD4FA-BE8A-4B34-800B-1BCEC34CF978}.Release|x64.Build.0 = Release|Any CPU
		{D1ECD4FA-BE8A-4B34-800B-1BCEC34CF978}.Release|x86.ActiveCfg = Release|Any CPU
		{D1ECD4FA-BE8A-4B34-800B-1BCEC34CF978}.Release|x86.Build.0 = Release|Any CPU
		{4DBCFC07-466C-41E5-A2DA-46521A8BF3A1}.Debug|Any CPU.ActiveCfg = Debug|Any CPU
		{4DBCFC07-466C-41E5-A2DA-46521A8BF3A1}.Debug|Any CPU.Build.0 = Debug|Any CPU
		{4DBCFC07-466C-41E5-A2DA-46521A8BF3A1}.Debug|x64.ActiveCfg = Debug|Any CPU
		{4DBCFC07-466C-41E5-A2DA-46521A8BF3A1}.Debug|x64.Build.0 = Debug|Any CPU
		{4DBCFC07-466C-41E5-A2DA-46521A8BF3A1}.Debug|x86.ActiveCfg = Debug|Any CPU
		{4DBCFC07-466C-41E5-A2DA-46521A8BF3A1}.Debug|x86.Build.0 = Debug|Any CPU
		{4DBCFC07-466C-41E5-A2DA-46521A8BF3A1}.Release|Any CPU.ActiveCfg = Release|Any CPU
		{4DBCFC07-466C-41E5-A2DA-46521A8BF3A1}.Release|Any CPU.Build.0 = Release|Any CPU
		{4DBCFC07-466C-41E5-A2DA-46521A8BF3A1}.Release|x64.ActiveCfg = Release|Any CPU
		{4DBCFC07-466C-41E5-A2DA-46521A8BF3A1}.Release|x64.Build.0 = Release|Any CPU
		{4DBCFC07-466C-41E5-A2DA-46521A8BF3A1}.Release|x86.ActiveCfg = Release|Any CPU
		{4DBCFC07-466C-41E5-A2DA-46521A8BF3A1}.Release|x86.Build.0 = Release|Any CPU
		{719CA50F-784C-45E4-8CC1-40E31090622D}.Debug|Any CPU.ActiveCfg = Debug|Any CPU
		{719CA50F-784C-45E4-8CC1-40E31090622D}.Debug|Any CPU.Build.0 = Debug|Any CPU
		{719CA50F-784C-45E4-8CC1-40E31090622D}.Debug|x64.ActiveCfg = Debug|Any CPU
		{719CA50F-784C-45E4-8CC1-40E31090622D}.Debug|x64.Build.0 = Debug|Any CPU
		{719CA50F-784C-45E4-8CC1-40E31090622D}.Debug|x86.ActiveCfg = Debug|Any CPU
		{719CA50F-784C-45E4-8CC1-40E31090622D}.Debug|x86.Build.0 = Debug|Any CPU
		{719CA50F-784C-45E4-8CC1-40E31090622D}.Release|Any CPU.ActiveCfg = Release|Any CPU
		{719CA50F-784C-45E4-8CC1-40E31090622D}.Release|Any CPU.Build.0 = Release|Any CPU
		{719CA50F-784C-45E4-8CC1-40E31090622D}.Release|x64.ActiveCfg = Release|Any CPU
		{719CA50F-784C-45E4-8CC1-40E31090622D}.Release|x64.Build.0 = Release|Any CPU
		{719CA50F-784C-45E4-8CC1-40E31090622D}.Release|x86.ActiveCfg = Release|Any CPU
		{719CA50F-784C-45E4-8CC1-40E31090622D}.Release|x86.Build.0 = Release|Any CPU
		{6A9ED431-8AF0-478D-87A1-E5F243C88783}.Debug|Any CPU.ActiveCfg = Debug|Any CPU
		{6A9ED431-8AF0-478D-87A1-E5F243C88783}.Debug|Any CPU.Build.0 = Debug|Any CPU
		{6A9ED431-8AF0-478D-87A1-E5F243C88783}.Debug|x64.ActiveCfg = Debug|Any CPU
		{6A9ED431-8AF0-478D-87A1-E5F243C88783}.Debug|x64.Build.0 = Debug|Any CPU
		{6A9ED431-8AF0-478D-87A1-E5F243C88783}.Debug|x86.ActiveCfg = Debug|Any CPU
		{6A9ED431-8AF0-478D-87A1-E5F243C88783}.Debug|x86.Build.0 = Debug|Any CPU
		{6A9ED431-8AF0-478D-87A1-E5F243C88783}.Release|Any CPU.ActiveCfg = Release|Any CPU
		{6A9ED431-8AF0-478D-87A1-E5F243C88783}.Release|Any CPU.Build.0 = Release|Any CPU
		{6A9ED431-8AF0-478D-87A1-E5F243C88783}.Release|x64.ActiveCfg = Release|Any CPU
		{6A9ED431-8AF0-478D-87A1-E5F243C88783}.Release|x64.Build.0 = Release|Any CPU
		{6A9ED431-8AF0-478D-87A1-E5F243C88783}.Release|x86.ActiveCfg = Release|Any CPU
		{6A9ED431-8AF0-478D-87A1-E5F243C88783}.Release|x86.Build.0 = Release|Any CPU
		{60265614-0303-49E6-94FC-DE3D71CAA568}.Debug|Any CPU.ActiveCfg = Debug|Any CPU
		{60265614-0303-49E6-94FC-DE3D71CAA568}.Debug|Any CPU.Build.0 = Debug|Any CPU
		{60265614-0303-49E6-94FC-DE3D71CAA568}.Debug|x64.ActiveCfg = Debug|Any CPU
		{60265614-0303-49E6-94FC-DE3D71CAA568}.Debug|x64.Build.0 = Debug|Any CPU
		{60265614-0303-49E6-94FC-DE3D71CAA568}.Debug|x86.ActiveCfg = Debug|Any CPU
		{60265614-0303-49E6-94FC-DE3D71CAA568}.Debug|x86.Build.0 = Debug|Any CPU
		{60265614-0303-49E6-94FC-DE3D71CAA568}.Release|Any CPU.ActiveCfg = Release|Any CPU
		{60265614-0303-49E6-94FC-DE3D71CAA568}.Release|Any CPU.Build.0 = Release|Any CPU
		{60265614-0303-49E6-94FC-DE3D71CAA568}.Release|x64.ActiveCfg = Release|Any CPU
		{60265614-0303-49E6-94FC-DE3D71CAA568}.Release|x64.Build.0 = Release|Any CPU
		{60265614-0303-49E6-94FC-DE3D71CAA568}.Release|x86.ActiveCfg = Release|Any CPU
		{60265614-0303-49E6-94FC-DE3D71CAA568}.Release|x86.Build.0 = Release|Any CPU
		{DDCB9500-077F-412B-B97D-5436C2BA43E1}.Debug|Any CPU.ActiveCfg = Debug|Any CPU
		{DDCB9500-077F-412B-B97D-5436C2BA43E1}.Debug|Any CPU.Build.0 = Debug|Any CPU
		{DDCB9500-077F-412B-B97D-5436C2BA43E1}.Debug|x64.ActiveCfg = Debug|Any CPU
		{DDCB9500-077F-412B-B97D-5436C2BA43E1}.Debug|x64.Build.0 = Debug|Any CPU
		{DDCB9500-077F-412B-B97D-5436C2BA43E1}.Debug|x86.ActiveCfg = Debug|Any CPU
		{DDCB9500-077F-412B-B97D-5436C2BA43E1}.Debug|x86.Build.0 = Debug|Any CPU
		{DDCB9500-077F-412B-B97D-5436C2BA43E1}.Release|Any CPU.ActiveCfg = Release|Any CPU
		{DDCB9500-077F-412B-B97D-5436C2BA43E1}.Release|Any CPU.Build.0 = Release|Any CPU
		{DDCB9500-077F-412B-B97D-5436C2BA43E1}.Release|x64.ActiveCfg = Release|Any CPU
		{DDCB9500-077F-412B-B97D-5436C2BA43E1}.Release|x64.Build.0 = Release|Any CPU
		{DDCB9500-077F-412B-B97D-5436C2BA43E1}.Release|x86.ActiveCfg = Release|Any CPU
		{DDCB9500-077F-412B-B97D-5436C2BA43E1}.Release|x86.Build.0 = Release|Any CPU
		{16A037AC-25C1-4F7E-A5E4-9AE9AE5BD820}.Debug|Any CPU.ActiveCfg = Debug|Any CPU
		{16A037AC-25C1-4F7E-A5E4-9AE9AE5BD820}.Debug|Any CPU.Build.0 = Debug|Any CPU
		{16A037AC-25C1-4F7E-A5E4-9AE9AE5BD820}.Debug|x64.ActiveCfg = Debug|Any CPU
		{16A037AC-25C1-4F7E-A5E4-9AE9AE5BD820}.Debug|x64.Build.0 = Debug|Any CPU
		{16A037AC-25C1-4F7E-A5E4-9AE9AE5BD820}.Debug|x86.ActiveCfg = Debug|Any CPU
		{16A037AC-25C1-4F7E-A5E4-9AE9AE5BD820}.Debug|x86.Build.0 = Debug|Any CPU
		{16A037AC-25C1-4F7E-A5E4-9AE9AE5BD820}.Release|Any CPU.ActiveCfg = Release|Any CPU
		{16A037AC-25C1-4F7E-A5E4-9AE9AE5BD820}.Release|Any CPU.Build.0 = Release|Any CPU
		{16A037AC-25C1-4F7E-A5E4-9AE9AE5BD820}.Release|x64.ActiveCfg = Release|Any CPU
		{16A037AC-25C1-4F7E-A5E4-9AE9AE5BD820}.Release|x64.Build.0 = Release|Any CPU
		{16A037AC-25C1-4F7E-A5E4-9AE9AE5BD820}.Release|x86.ActiveCfg = Release|Any CPU
		{16A037AC-25C1-4F7E-A5E4-9AE9AE5BD820}.Release|x86.Build.0 = Release|Any CPU
		{038E05CC-5709-4173-B02A-42503D147280}.Debug|Any CPU.ActiveCfg = Debug|Any CPU
		{038E05CC-5709-4173-B02A-42503D147280}.Debug|Any CPU.Build.0 = Debug|Any CPU
		{038E05CC-5709-4173-B02A-42503D147280}.Debug|x64.ActiveCfg = Debug|Any CPU
		{038E05CC-5709-4173-B02A-42503D147280}.Debug|x64.Build.0 = Debug|Any CPU
		{038E05CC-5709-4173-B02A-42503D147280}.Debug|x86.ActiveCfg = Debug|Any CPU
		{038E05CC-5709-4173-B02A-42503D147280}.Debug|x86.Build.0 = Debug|Any CPU
		{038E05CC-5709-4173-B02A-42503D147280}.Release|Any CPU.ActiveCfg = Release|Any CPU
		{038E05CC-5709-4173-B02A-42503D147280}.Release|Any CPU.Build.0 = Release|Any CPU
		{038E05CC-5709-4173-B02A-42503D147280}.Release|x64.ActiveCfg = Release|Any CPU
		{038E05CC-5709-4173-B02A-42503D147280}.Release|x64.Build.0 = Release|Any CPU
		{038E05CC-5709-4173-B02A-42503D147280}.Release|x86.ActiveCfg = Release|Any CPU
		{038E05CC-5709-4173-B02A-42503D147280}.Release|x86.Build.0 = Release|Any CPU
		{E12C58C8-C746-4555-A1A1-513A1DE6A6B8}.Debug|Any CPU.ActiveCfg = Debug|Any CPU
		{E12C58C8-C746-4555-A1A1-513A1DE6A6B8}.Debug|Any CPU.Build.0 = Debug|Any CPU
		{E12C58C8-C746-4555-A1A1-513A1DE6A6B8}.Debug|x64.ActiveCfg = Debug|Any CPU
		{E12C58C8-C746-4555-A1A1-513A1DE6A6B8}.Debug|x64.Build.0 = Debug|Any CPU
		{E12C58C8-C746-4555-A1A1-513A1DE6A6B8}.Debug|x86.ActiveCfg = Debug|Any CPU
		{E12C58C8-C746-4555-A1A1-513A1DE6A6B8}.Debug|x86.Build.0 = Debug|Any CPU
		{E12C58C8-C746-4555-A1A1-513A1DE6A6B8}.Release|Any CPU.ActiveCfg = Release|Any CPU
		{E12C58C8-C746-4555-A1A1-513A1DE6A6B8}.Release|Any CPU.Build.0 = Release|Any CPU
		{E12C58C8-C746-4555-A1A1-513A1DE6A6B8}.Release|x64.ActiveCfg = Release|Any CPU
		{E12C58C8-C746-4555-A1A1-513A1DE6A6B8}.Release|x64.Build.0 = Release|Any CPU
		{E12C58C8-C746-4555-A1A1-513A1DE6A6B8}.Release|x86.ActiveCfg = Release|Any CPU
		{E12C58C8-C746-4555-A1A1-513A1DE6A6B8}.Release|x86.Build.0 = Release|Any CPU
		{56F8B9B0-44D0-4BDD-91FB-D572F0A3C439}.Debug|Any CPU.ActiveCfg = Debug|Any CPU
		{56F8B9B0-44D0-4BDD-91FB-D572F0A3C439}.Debug|Any CPU.Build.0 = Debug|Any CPU
		{56F8B9B0-44D0-4BDD-91FB-D572F0A3C439}.Debug|x64.ActiveCfg = Debug|Any CPU
		{56F8B9B0-44D0-4BDD-91FB-D572F0A3C439}.Debug|x64.Build.0 = Debug|Any CPU
		{56F8B9B0-44D0-4BDD-91FB-D572F0A3C439}.Debug|x86.ActiveCfg = Debug|Any CPU
		{56F8B9B0-44D0-4BDD-91FB-D572F0A3C439}.Debug|x86.Build.0 = Debug|Any CPU
		{56F8B9B0-44D0-4BDD-91FB-D572F0A3C439}.Release|Any CPU.ActiveCfg = Release|Any CPU
		{56F8B9B0-44D0-4BDD-91FB-D572F0A3C439}.Release|Any CPU.Build.0 = Release|Any CPU
		{56F8B9B0-44D0-4BDD-91FB-D572F0A3C439}.Release|x64.ActiveCfg = Release|Any CPU
		{56F8B9B0-44D0-4BDD-91FB-D572F0A3C439}.Release|x64.Build.0 = Release|Any CPU
		{56F8B9B0-44D0-4BDD-91FB-D572F0A3C439}.Release|x86.ActiveCfg = Release|Any CPU
		{56F8B9B0-44D0-4BDD-91FB-D572F0A3C439}.Release|x86.Build.0 = Release|Any CPU
		{1DA4F5ED-356A-42F9-BE14-D6E702E0D29C}.Debug|Any CPU.ActiveCfg = Debug|Any CPU
		{1DA4F5ED-356A-42F9-BE14-D6E702E0D29C}.Debug|Any CPU.Build.0 = Debug|Any CPU
		{1DA4F5ED-356A-42F9-BE14-D6E702E0D29C}.Debug|x64.ActiveCfg = Debug|Any CPU
		{1DA4F5ED-356A-42F9-BE14-D6E702E0D29C}.Debug|x64.Build.0 = Debug|Any CPU
		{1DA4F5ED-356A-42F9-BE14-D6E702E0D29C}.Debug|x86.ActiveCfg = Debug|Any CPU
		{1DA4F5ED-356A-42F9-BE14-D6E702E0D29C}.Debug|x86.Build.0 = Debug|Any CPU
		{1DA4F5ED-356A-42F9-BE14-D6E702E0D29C}.Release|Any CPU.ActiveCfg = Release|Any CPU
		{1DA4F5ED-356A-42F9-BE14-D6E702E0D29C}.Release|Any CPU.Build.0 = Release|Any CPU
		{1DA4F5ED-356A-42F9-BE14-D6E702E0D29C}.Release|x64.ActiveCfg = Release|Any CPU
		{1DA4F5ED-356A-42F9-BE14-D6E702E0D29C}.Release|x64.Build.0 = Release|Any CPU
		{1DA4F5ED-356A-42F9-BE14-D6E702E0D29C}.Release|x86.ActiveCfg = Release|Any CPU
		{1DA4F5ED-356A-42F9-BE14-D6E702E0D29C}.Release|x86.Build.0 = Release|Any CPU
		{9DA08D94-E8C1-42D6-8EEB-D2044B0DF792}.Debug|Any CPU.ActiveCfg = Debug|Any CPU
		{9DA08D94-E8C1-42D6-8EEB-D2044B0DF792}.Debug|Any CPU.Build.0 = Debug|Any CPU
		{9DA08D94-E8C1-42D6-8EEB-D2044B0DF792}.Debug|x64.ActiveCfg = Debug|Any CPU
		{9DA08D94-E8C1-42D6-8EEB-D2044B0DF792}.Debug|x64.Build.0 = Debug|Any CPU
		{9DA08D94-E8C1-42D6-8EEB-D2044B0DF792}.Debug|x86.ActiveCfg = Debug|Any CPU
		{9DA08D94-E8C1-42D6-8EEB-D2044B0DF792}.Debug|x86.Build.0 = Debug|Any CPU
		{9DA08D94-E8C1-42D6-8EEB-D2044B0DF792}.Release|Any CPU.ActiveCfg = Release|Any CPU
		{9DA08D94-E8C1-42D6-8EEB-D2044B0DF792}.Release|Any CPU.Build.0 = Release|Any CPU
		{9DA08D94-E8C1-42D6-8EEB-D2044B0DF792}.Release|x64.ActiveCfg = Release|Any CPU
		{9DA08D94-E8C1-42D6-8EEB-D2044B0DF792}.Release|x64.Build.0 = Release|Any CPU
		{9DA08D94-E8C1-42D6-8EEB-D2044B0DF792}.Release|x86.ActiveCfg = Release|Any CPU
		{9DA08D94-E8C1-42D6-8EEB-D2044B0DF792}.Release|x86.Build.0 = Release|Any CPU
		{FB313847-9F38-434F-A30C-286F65F9317D}.Debug|Any CPU.ActiveCfg = Debug|Any CPU
		{FB313847-9F38-434F-A30C-286F65F9317D}.Debug|Any CPU.Build.0 = Debug|Any CPU
		{FB313847-9F38-434F-A30C-286F65F9317D}.Debug|x64.ActiveCfg = Debug|Any CPU
		{FB313847-9F38-434F-A30C-286F65F9317D}.Debug|x64.Build.0 = Debug|Any CPU
		{FB313847-9F38-434F-A30C-286F65F9317D}.Debug|x86.ActiveCfg = Debug|Any CPU
		{FB313847-9F38-434F-A30C-286F65F9317D}.Debug|x86.Build.0 = Debug|Any CPU
		{FB313847-9F38-434F-A30C-286F65F9317D}.Release|Any CPU.ActiveCfg = Release|Any CPU
		{FB313847-9F38-434F-A30C-286F65F9317D}.Release|Any CPU.Build.0 = Release|Any CPU
		{FB313847-9F38-434F-A30C-286F65F9317D}.Release|x64.ActiveCfg = Release|Any CPU
		{FB313847-9F38-434F-A30C-286F65F9317D}.Release|x64.Build.0 = Release|Any CPU
		{FB313847-9F38-434F-A30C-286F65F9317D}.Release|x86.ActiveCfg = Release|Any CPU
		{FB313847-9F38-434F-A30C-286F65F9317D}.Release|x86.Build.0 = Release|Any CPU
		{50FD87FC-4C5A-4CF1-B490-1C7702D7AB75}.Debug|Any CPU.ActiveCfg = Debug|Any CPU
		{50FD87FC-4C5A-4CF1-B490-1C7702D7AB75}.Debug|Any CPU.Build.0 = Debug|Any CPU
		{50FD87FC-4C5A-4CF1-B490-1C7702D7AB75}.Debug|x64.ActiveCfg = Debug|Any CPU
		{50FD87FC-4C5A-4CF1-B490-1C7702D7AB75}.Debug|x64.Build.0 = Debug|Any CPU
		{50FD87FC-4C5A-4CF1-B490-1C7702D7AB75}.Debug|x86.ActiveCfg = Debug|Any CPU
		{50FD87FC-4C5A-4CF1-B490-1C7702D7AB75}.Debug|x86.Build.0 = Debug|Any CPU
		{50FD87FC-4C5A-4CF1-B490-1C7702D7AB75}.Release|Any CPU.ActiveCfg = Release|Any CPU
		{50FD87FC-4C5A-4CF1-B490-1C7702D7AB75}.Release|Any CPU.Build.0 = Release|Any CPU
		{50FD87FC-4C5A-4CF1-B490-1C7702D7AB75}.Release|x64.ActiveCfg = Release|Any CPU
		{50FD87FC-4C5A-4CF1-B490-1C7702D7AB75}.Release|x64.Build.0 = Release|Any CPU
		{50FD87FC-4C5A-4CF1-B490-1C7702D7AB75}.Release|x86.ActiveCfg = Release|Any CPU
		{50FD87FC-4C5A-4CF1-B490-1C7702D7AB75}.Release|x86.Build.0 = Release|Any CPU
		{5B8BC16C-046F-4087-AC4A-67BD81D18F59}.Debug|Any CPU.ActiveCfg = Debug|Any CPU
		{5B8BC16C-046F-4087-AC4A-67BD81D18F59}.Debug|Any CPU.Build.0 = Debug|Any CPU
		{5B8BC16C-046F-4087-AC4A-67BD81D18F59}.Debug|x64.ActiveCfg = Debug|Any CPU
		{5B8BC16C-046F-4087-AC4A-67BD81D18F59}.Debug|x64.Build.0 = Debug|Any CPU
		{5B8BC16C-046F-4087-AC4A-67BD81D18F59}.Debug|x86.ActiveCfg = Debug|Any CPU
		{5B8BC16C-046F-4087-AC4A-67BD81D18F59}.Debug|x86.Build.0 = Debug|Any CPU
		{5B8BC16C-046F-4087-AC4A-67BD81D18F59}.Release|Any CPU.ActiveCfg = Release|Any CPU
		{5B8BC16C-046F-4087-AC4A-67BD81D18F59}.Release|Any CPU.Build.0 = Release|Any CPU
		{5B8BC16C-046F-4087-AC4A-67BD81D18F59}.Release|x64.ActiveCfg = Release|Any CPU
		{5B8BC16C-046F-4087-AC4A-67BD81D18F59}.Release|x64.Build.0 = Release|Any CPU
		{5B8BC16C-046F-4087-AC4A-67BD81D18F59}.Release|x86.ActiveCfg = Release|Any CPU
		{5B8BC16C-046F-4087-AC4A-67BD81D18F59}.Release|x86.Build.0 = Release|Any CPU
		{54373E19-EB72-45FA-9857-97635B6CCA18}.Debug|Any CPU.ActiveCfg = Debug|Any CPU
		{54373E19-EB72-45FA-9857-97635B6CCA18}.Debug|Any CPU.Build.0 = Debug|Any CPU
		{54373E19-EB72-45FA-9857-97635B6CCA18}.Debug|x64.ActiveCfg = Debug|Any CPU
		{54373E19-EB72-45FA-9857-97635B6CCA18}.Debug|x64.Build.0 = Debug|Any CPU
		{54373E19-EB72-45FA-9857-97635B6CCA18}.Debug|x86.ActiveCfg = Debug|Any CPU
		{54373E19-EB72-45FA-9857-97635B6CCA18}.Debug|x86.Build.0 = Debug|Any CPU
		{54373E19-EB72-45FA-9857-97635B6CCA18}.Release|Any CPU.ActiveCfg = Release|Any CPU
		{54373E19-EB72-45FA-9857-97635B6CCA18}.Release|Any CPU.Build.0 = Release|Any CPU
		{54373E19-EB72-45FA-9857-97635B6CCA18}.Release|x64.ActiveCfg = Release|Any CPU
		{54373E19-EB72-45FA-9857-97635B6CCA18}.Release|x64.Build.0 = Release|Any CPU
		{54373E19-EB72-45FA-9857-97635B6CCA18}.Release|x86.ActiveCfg = Release|Any CPU
		{54373E19-EB72-45FA-9857-97635B6CCA18}.Release|x86.Build.0 = Release|Any CPU
		{8951FA17-BDFD-41D1-A5CA-EC1C03380C63}.Debug|Any CPU.ActiveCfg = Debug|Any CPU
		{8951FA17-BDFD-41D1-A5CA-EC1C03380C63}.Debug|Any CPU.Build.0 = Debug|Any CPU
		{8951FA17-BDFD-41D1-A5CA-EC1C03380C63}.Debug|x64.ActiveCfg = Debug|Any CPU
		{8951FA17-BDFD-41D1-A5CA-EC1C03380C63}.Debug|x64.Build.0 = Debug|Any CPU
		{8951FA17-BDFD-41D1-A5CA-EC1C03380C63}.Debug|x86.ActiveCfg = Debug|Any CPU
		{8951FA17-BDFD-41D1-A5CA-EC1C03380C63}.Debug|x86.Build.0 = Debug|Any CPU
		{8951FA17-BDFD-41D1-A5CA-EC1C03380C63}.Release|Any CPU.ActiveCfg = Release|Any CPU
		{8951FA17-BDFD-41D1-A5CA-EC1C03380C63}.Release|Any CPU.Build.0 = Release|Any CPU
		{8951FA17-BDFD-41D1-A5CA-EC1C03380C63}.Release|x64.ActiveCfg = Release|Any CPU
		{8951FA17-BDFD-41D1-A5CA-EC1C03380C63}.Release|x64.Build.0 = Release|Any CPU
		{8951FA17-BDFD-41D1-A5CA-EC1C03380C63}.Release|x86.ActiveCfg = Release|Any CPU
		{8951FA17-BDFD-41D1-A5CA-EC1C03380C63}.Release|x86.Build.0 = Release|Any CPU
		{0756A97F-FF04-48C7-8E66-82072F3A0978}.Debug|Any CPU.ActiveCfg = Debug|Any CPU
		{0756A97F-FF04-48C7-8E66-82072F3A0978}.Debug|Any CPU.Build.0 = Debug|Any CPU
		{0756A97F-FF04-48C7-8E66-82072F3A0978}.Debug|x64.ActiveCfg = Debug|Any CPU
		{0756A97F-FF04-48C7-8E66-82072F3A0978}.Debug|x64.Build.0 = Debug|Any CPU
		{0756A97F-FF04-48C7-8E66-82072F3A0978}.Debug|x86.ActiveCfg = Debug|Any CPU
		{0756A97F-FF04-48C7-8E66-82072F3A0978}.Debug|x86.Build.0 = Debug|Any CPU
		{0756A97F-FF04-48C7-8E66-82072F3A0978}.Release|Any CPU.ActiveCfg = Release|Any CPU
		{0756A97F-FF04-48C7-8E66-82072F3A0978}.Release|Any CPU.Build.0 = Release|Any CPU
		{0756A97F-FF04-48C7-8E66-82072F3A0978}.Release|x64.ActiveCfg = Release|Any CPU
		{0756A97F-FF04-48C7-8E66-82072F3A0978}.Release|x64.Build.0 = Release|Any CPU
		{0756A97F-FF04-48C7-8E66-82072F3A0978}.Release|x86.ActiveCfg = Release|Any CPU
		{0756A97F-FF04-48C7-8E66-82072F3A0978}.Release|x86.Build.0 = Release|Any CPU
		{FC79ADA4-49E7-418F-9E30-3C05761C9FFF}.Debug|Any CPU.ActiveCfg = Debug|Any CPU
		{FC79ADA4-49E7-418F-9E30-3C05761C9FFF}.Debug|Any CPU.Build.0 = Debug|Any CPU
		{FC79ADA4-49E7-418F-9E30-3C05761C9FFF}.Debug|x64.ActiveCfg = Debug|Any CPU
		{FC79ADA4-49E7-418F-9E30-3C05761C9FFF}.Debug|x64.Build.0 = Debug|Any CPU
		{FC79ADA4-49E7-418F-9E30-3C05761C9FFF}.Debug|x86.ActiveCfg = Debug|Any CPU
		{FC79ADA4-49E7-418F-9E30-3C05761C9FFF}.Debug|x86.Build.0 = Debug|Any CPU
		{FC79ADA4-49E7-418F-9E30-3C05761C9FFF}.Release|Any CPU.ActiveCfg = Release|Any CPU
		{FC79ADA4-49E7-418F-9E30-3C05761C9FFF}.Release|Any CPU.Build.0 = Release|Any CPU
		{FC79ADA4-49E7-418F-9E30-3C05761C9FFF}.Release|x64.ActiveCfg = Release|Any CPU
		{FC79ADA4-49E7-418F-9E30-3C05761C9FFF}.Release|x64.Build.0 = Release|Any CPU
		{FC79ADA4-49E7-418F-9E30-3C05761C9FFF}.Release|x86.ActiveCfg = Release|Any CPU
		{FC79ADA4-49E7-418F-9E30-3C05761C9FFF}.Release|x86.Build.0 = Release|Any CPU
		{E6EDAAA0-D36A-4219-BA2E-BC3A897B957C}.Debug|Any CPU.ActiveCfg = Debug|Any CPU
		{E6EDAAA0-D36A-4219-BA2E-BC3A897B957C}.Debug|Any CPU.Build.0 = Debug|Any CPU
		{E6EDAAA0-D36A-4219-BA2E-BC3A897B957C}.Debug|x64.ActiveCfg = Debug|Any CPU
		{E6EDAAA0-D36A-4219-BA2E-BC3A897B957C}.Debug|x64.Build.0 = Debug|Any CPU
		{E6EDAAA0-D36A-4219-BA2E-BC3A897B957C}.Debug|x86.ActiveCfg = Debug|Any CPU
		{E6EDAAA0-D36A-4219-BA2E-BC3A897B957C}.Debug|x86.Build.0 = Debug|Any CPU
		{E6EDAAA0-D36A-4219-BA2E-BC3A897B957C}.Release|Any CPU.ActiveCfg = Release|Any CPU
		{E6EDAAA0-D36A-4219-BA2E-BC3A897B957C}.Release|Any CPU.Build.0 = Release|Any CPU
		{E6EDAAA0-D36A-4219-BA2E-BC3A897B957C}.Release|x64.ActiveCfg = Release|Any CPU
		{E6EDAAA0-D36A-4219-BA2E-BC3A897B957C}.Release|x64.Build.0 = Release|Any CPU
		{E6EDAAA0-D36A-4219-BA2E-BC3A897B957C}.Release|x86.ActiveCfg = Release|Any CPU
		{E6EDAAA0-D36A-4219-BA2E-BC3A897B957C}.Release|x86.Build.0 = Release|Any CPU
		{91E78A7C-F97F-41C5-BB4D-39347F497388}.Debug|Any CPU.ActiveCfg = Debug|Any CPU
		{91E78A7C-F97F-41C5-BB4D-39347F497388}.Debug|Any CPU.Build.0 = Debug|Any CPU
		{91E78A7C-F97F-41C5-BB4D-39347F497388}.Debug|x64.ActiveCfg = Debug|Any CPU
		{91E78A7C-F97F-41C5-BB4D-39347F497388}.Debug|x64.Build.0 = Debug|Any CPU
		{91E78A7C-F97F-41C5-BB4D-39347F497388}.Debug|x86.ActiveCfg = Debug|Any CPU
		{91E78A7C-F97F-41C5-BB4D-39347F497388}.Debug|x86.Build.0 = Debug|Any CPU
		{91E78A7C-F97F-41C5-BB4D-39347F497388}.Release|Any CPU.ActiveCfg = Release|Any CPU
		{91E78A7C-F97F-41C5-BB4D-39347F497388}.Release|Any CPU.Build.0 = Release|Any CPU
		{91E78A7C-F97F-41C5-BB4D-39347F497388}.Release|x64.ActiveCfg = Release|Any CPU
		{91E78A7C-F97F-41C5-BB4D-39347F497388}.Release|x64.Build.0 = Release|Any CPU
		{91E78A7C-F97F-41C5-BB4D-39347F497388}.Release|x86.ActiveCfg = Release|Any CPU
		{91E78A7C-F97F-41C5-BB4D-39347F497388}.Release|x86.Build.0 = Release|Any CPU
		{5F86659C-CE87-43B3-842F-F2B42C921195}.Debug|Any CPU.ActiveCfg = Debug|Any CPU
		{5F86659C-CE87-43B3-842F-F2B42C921195}.Debug|Any CPU.Build.0 = Debug|Any CPU
		{5F86659C-CE87-43B3-842F-F2B42C921195}.Debug|x64.ActiveCfg = Debug|Any CPU
		{5F86659C-CE87-43B3-842F-F2B42C921195}.Debug|x64.Build.0 = Debug|Any CPU
		{5F86659C-CE87-43B3-842F-F2B42C921195}.Debug|x86.ActiveCfg = Debug|Any CPU
		{5F86659C-CE87-43B3-842F-F2B42C921195}.Debug|x86.Build.0 = Debug|Any CPU
		{5F86659C-CE87-43B3-842F-F2B42C921195}.Release|Any CPU.ActiveCfg = Release|Any CPU
		{5F86659C-CE87-43B3-842F-F2B42C921195}.Release|Any CPU.Build.0 = Release|Any CPU
		{5F86659C-CE87-43B3-842F-F2B42C921195}.Release|x64.ActiveCfg = Release|Any CPU
		{5F86659C-CE87-43B3-842F-F2B42C921195}.Release|x64.Build.0 = Release|Any CPU
		{5F86659C-CE87-43B3-842F-F2B42C921195}.Release|x86.ActiveCfg = Release|Any CPU
		{5F86659C-CE87-43B3-842F-F2B42C921195}.Release|x86.Build.0 = Release|Any CPU
		{616AFDF3-C8F1-4269-B0B3-510A5BB5893A}.Debug|Any CPU.ActiveCfg = Debug|Any CPU
		{616AFDF3-C8F1-4269-B0B3-510A5BB5893A}.Debug|Any CPU.Build.0 = Debug|Any CPU
		{616AFDF3-C8F1-4269-B0B3-510A5BB5893A}.Debug|x64.ActiveCfg = Debug|Any CPU
		{616AFDF3-C8F1-4269-B0B3-510A5BB5893A}.Debug|x64.Build.0 = Debug|Any CPU
		{616AFDF3-C8F1-4269-B0B3-510A5BB5893A}.Debug|x86.ActiveCfg = Debug|Any CPU
		{616AFDF3-C8F1-4269-B0B3-510A5BB5893A}.Debug|x86.Build.0 = Debug|Any CPU
		{616AFDF3-C8F1-4269-B0B3-510A5BB5893A}.Release|Any CPU.ActiveCfg = Release|Any CPU
		{616AFDF3-C8F1-4269-B0B3-510A5BB5893A}.Release|Any CPU.Build.0 = Release|Any CPU
		{616AFDF3-C8F1-4269-B0B3-510A5BB5893A}.Release|x64.ActiveCfg = Release|Any CPU
		{616AFDF3-C8F1-4269-B0B3-510A5BB5893A}.Release|x64.Build.0 = Release|Any CPU
		{616AFDF3-C8F1-4269-B0B3-510A5BB5893A}.Release|x86.ActiveCfg = Release|Any CPU
		{616AFDF3-C8F1-4269-B0B3-510A5BB5893A}.Release|x86.Build.0 = Release|Any CPU
		{58380F3E-8961-4AB2-9039-A46468532187}.Debug|Any CPU.ActiveCfg = Debug|Any CPU
		{58380F3E-8961-4AB2-9039-A46468532187}.Debug|Any CPU.Build.0 = Debug|Any CPU
		{58380F3E-8961-4AB2-9039-A46468532187}.Debug|x64.ActiveCfg = Debug|Any CPU
		{58380F3E-8961-4AB2-9039-A46468532187}.Debug|x64.Build.0 = Debug|Any CPU
		{58380F3E-8961-4AB2-9039-A46468532187}.Debug|x86.ActiveCfg = Debug|Any CPU
		{58380F3E-8961-4AB2-9039-A46468532187}.Debug|x86.Build.0 = Debug|Any CPU
		{58380F3E-8961-4AB2-9039-A46468532187}.Release|Any CPU.ActiveCfg = Release|Any CPU
		{58380F3E-8961-4AB2-9039-A46468532187}.Release|Any CPU.Build.0 = Release|Any CPU
		{58380F3E-8961-4AB2-9039-A46468532187}.Release|x64.ActiveCfg = Release|Any CPU
		{58380F3E-8961-4AB2-9039-A46468532187}.Release|x64.Build.0 = Release|Any CPU
		{58380F3E-8961-4AB2-9039-A46468532187}.Release|x86.ActiveCfg = Release|Any CPU
		{58380F3E-8961-4AB2-9039-A46468532187}.Release|x86.Build.0 = Release|Any CPU
	EndGlobalSection
	GlobalSection(SolutionProperties) = preSolution
		HideSolutionNode = FALSE
	EndGlobalSection
	GlobalSection(NestedProjects) = preSolution
		{2D90B387-9E96-A33A-A182-52F1887BC10C} = {0AB3BF05-4346-4AA6-1389-037BE0695223}
		{D4A8764F-D485-43E0-A1AC-D92D6D6149DF} = {2D90B387-9E96-A33A-A182-52F1887BC10C}
		{981C2CF6-E5BB-602A-511C-234B538302B0} = {827E0CD3-B72D-47B6-A68D-7590B98EB39B}
		{4ADE2A5D-0B9A-46FB-963F-4EE342048929} = {981C2CF6-E5BB-602A-511C-234B538302B0}
		{90298CBA-BD6F-3A0A-69D5-97CAD7B05E7E} = {827E0CD3-B72D-47B6-A68D-7590B98EB39B}
		{8F0A8923-4D85-485E-ADFC-4587B81AE1A1} = {90298CBA-BD6F-3A0A-69D5-97CAD7B05E7E}
		{D638616D-5246-4797-9CD2-76A5AC2AA8FB} = {90298CBA-BD6F-3A0A-69D5-97CAD7B05E7E}
		{EC447DCF-ABFA-6E24-52A5-D7FD48A5C558} = {827E0CD3-B72D-47B6-A68D-7590B98EB39B}
		{0EC62A1A-9858-3A60-8A0C-FC9AACFA2EC7} = {EC447DCF-ABFA-6E24-52A5-D7FD48A5C558}
		{E2E84002-8118-4190-8E3F-15CA7EF2685A} = {0EC62A1A-9858-3A60-8A0C-FC9AACFA2EC7}
		{D8117870-8B01-49DC-B38C-EC33E57264F7} = {0EC62A1A-9858-3A60-8A0C-FC9AACFA2EC7}
		{1FC199F8-8F2A-4279-94E5-9E473823EED1} = {0EC62A1A-9858-3A60-8A0C-FC9AACFA2EC7}
		{20FF36F1-B106-429C-B67B-6D5E82246AF0} = {0EC62A1A-9858-3A60-8A0C-FC9AACFA2EC7}
		{54A3B9D8-B063-408B-97E4-374116B99DD9} = {90298CBA-BD6F-3A0A-69D5-97CAD7B05E7E}
		{2805461F-9AB8-494E-A416-A084AF67BF8F} = {90298CBA-BD6F-3A0A-69D5-97CAD7B05E7E}
		{4229EDB8-0862-B55E-9945-90D59FE8EB87} = {EC447DCF-ABFA-6E24-52A5-D7FD48A5C558}
		{B0074490-203A-4E54-BF99-35B3A2ED6BAD} = {4229EDB8-0862-B55E-9945-90D59FE8EB87}
		{F6307A99-97E8-4695-93F0-E64B0134522E} = {4229EDB8-0862-B55E-9945-90D59FE8EB87}
		{422DEB15-5131-4EF7-A06B-3ED2A78C82E9} = {4229EDB8-0862-B55E-9945-90D59FE8EB87}
		{C7BCC37F-0304-4847-830E-6A0647099BD9} = {4229EDB8-0862-B55E-9945-90D59FE8EB87}
		{AD3136F1-6676-2AF3-8A96-F3C6585F1CB9} = {0AB3BF05-4346-4AA6-1389-037BE0695223}
		{D1ECD4FA-BE8A-4B34-800B-1BCEC34CF978} = {AD3136F1-6676-2AF3-8A96-F3C6585F1CB9}
		{4DBCFC07-466C-41E5-A2DA-46521A8BF3A1} = {AD3136F1-6676-2AF3-8A96-F3C6585F1CB9}
		{D7DC9B74-6BC4-2470-2038-1E57C2DCB73B} = {0AB3BF05-4346-4AA6-1389-037BE0695223}
		{ACB2D19B-6984-27D8-539C-F209B7C78BA5} = {D7DC9B74-6BC4-2470-2038-1E57C2DCB73B}
		{719CA50F-784C-45E4-8CC1-40E31090622D} = {ACB2D19B-6984-27D8-539C-F209B7C78BA5}
		{6A9ED431-8AF0-478D-87A1-E5F243C88783} = {ACB2D19B-6984-27D8-539C-F209B7C78BA5}
		{60265614-0303-49E6-94FC-DE3D71CAA568} = {ACB2D19B-6984-27D8-539C-F209B7C78BA5}
		{95D1EC0A-9379-FBB2-478D-A0E18E5B72B5} = {D7DC9B74-6BC4-2470-2038-1E57C2DCB73B}
		{DDCB9500-077F-412B-B97D-5436C2BA43E1} = {95D1EC0A-9379-FBB2-478D-A0E18E5B72B5}
		{16A037AC-25C1-4F7E-A5E4-9AE9AE5BD820} = {95D1EC0A-9379-FBB2-478D-A0E18E5B72B5}
		{038E05CC-5709-4173-B02A-42503D147280} = {95D1EC0A-9379-FBB2-478D-A0E18E5B72B5}
		{321A50B4-1A1E-6CCB-F445-27BC0B5104E9} = {EC447DCF-ABFA-6E24-52A5-D7FD48A5C558}
		{E12C58C8-C746-4555-A1A1-513A1DE6A6B8} = {321A50B4-1A1E-6CCB-F445-27BC0B5104E9}
		{56F8B9B0-44D0-4BDD-91FB-D572F0A3C439} = {321A50B4-1A1E-6CCB-F445-27BC0B5104E9}
		{1DA4F5ED-356A-42F9-BE14-D6E702E0D29C} = {321A50B4-1A1E-6CCB-F445-27BC0B5104E9}
		{9DA08D94-E8C1-42D6-8EEB-D2044B0DF792} = {321A50B4-1A1E-6CCB-F445-27BC0B5104E9}
		{56FC1942-8578-5470-A6DD-45F86D55706C} = {D7DC9B74-6BC4-2470-2038-1E57C2DCB73B}
		{FB313847-9F38-434F-A30C-286F65F9317D} = {56FC1942-8578-5470-A6DD-45F86D55706C}
		{50FD87FC-4C5A-4CF1-B490-1C7702D7AB75} = {56FC1942-8578-5470-A6DD-45F86D55706C}
		{1262427E-9FB2-B5BE-0BB9-7DDF0980299C} = {EC447DCF-ABFA-6E24-52A5-D7FD48A5C558}
		{5B8BC16C-046F-4087-AC4A-67BD81D18F59} = {1262427E-9FB2-B5BE-0BB9-7DDF0980299C}
		{54373E19-EB72-45FA-9857-97635B6CCA18} = {1262427E-9FB2-B5BE-0BB9-7DDF0980299C}
		{8951FA17-BDFD-41D1-A5CA-EC1C03380C63} = {1262427E-9FB2-B5BE-0BB9-7DDF0980299C}
		{0756A97F-FF04-48C7-8E66-82072F3A0978} = {1262427E-9FB2-B5BE-0BB9-7DDF0980299C}
		{F7E643D9-F793-9243-8358-F53C24C2867F} = {D7DC9B74-6BC4-2470-2038-1E57C2DCB73B}
		{FC79ADA4-49E7-418F-9E30-3C05761C9FFF} = {F7E643D9-F793-9243-8358-F53C24C2867F}
		{E6EDAAA0-D36A-4219-BA2E-BC3A897B957C} = {F7E643D9-F793-9243-8358-F53C24C2867F}
		{3482A603-7AEB-377F-9DA5-9757A465DBE8} = {EC447DCF-ABFA-6E24-52A5-D7FD48A5C558}
		{91E78A7C-F97F-41C5-BB4D-39347F497388} = {3482A603-7AEB-377F-9DA5-9757A465DBE8}
		{5F86659C-CE87-43B3-842F-F2B42C921195} = {3482A603-7AEB-377F-9DA5-9757A465DBE8}
		{616AFDF3-C8F1-4269-B0B3-510A5BB5893A} = {3482A603-7AEB-377F-9DA5-9757A465DBE8}
		{58380F3E-8961-4AB2-9039-A46468532187} = {3482A603-7AEB-377F-9DA5-9757A465DBE8}
	EndGlobalSection
EndGlobal
